
Microsoft Visual Studio Solution File, Format Version 12.00
# Visual Studio Version 17
VisualStudioVersion = 17.3.32825.248
MinimumVisualStudioVersion = 10.0.40219.1
Project("{FAE04EC0-301F-11D3-BF4B-00C04F79EFBC}") = "Miners.Presentation", "Miners.Presentation\Miners.Presentation.csproj", "{71EC008A-77AE-4300-865A-EAF651D65630}"
EndProject
Project("{FAE04EC0-301F-11D3-BF4B-00C04F79EFBC}") = "Miners.TestConsole", "Miners.TestConsole\Miners.TestConsole.csproj", "{ACEBB2E8-85D6-4E01-A233-29F2EF261CA0}"
EndProject
Project("{FAE04EC0-301F-11D3-BF4B-00C04F79EFBC}") = "Miners.Server", "Miners.Server\Miners.Server.csproj", "{2C329193-0F37-4E89-9F80-FBBB61E5A94C}"
EndProject
Project("{FAE04EC0-301F-11D3-BF4B-00C04F79EFBC}") = "Miners.Shared", "Miners.Shared\Miners.Shared.csproj", "{282296D0-286B-4137-ACAA-58E0D895E94D}"
EndProject
Global
	GlobalSection(SolutionConfigurationPlatforms) = preSolution
		Debug|Any CPU = Debug|Any CPU
		Release|Any CPU = Release|Any CPU
	EndGlobalSection
	GlobalSection(ProjectConfigurationPlatforms) = postSolution
		{71EC008A-77AE-4300-865A-EAF651D65630}.Debug|Any CPU.ActiveCfg = Debug|Any CPU
		{71EC008A-77AE-4300-865A-EAF651D65630}.Debug|Any CPU.Build.0 = Debug|Any CPU
		{71EC008A-77AE-4300-865A-EAF651D65630}.Release|Any CPU.ActiveCfg = Release|Any CPU
		{71EC008A-77AE-4300-865A-EAF651D65630}.Release|Any CPU.Build.0 = Release|Any CPU
		{ACEBB2E8-85D6-4E01-A233-29F2EF261CA0}.Debug|Any CPU.ActiveCfg = Debug|Any CPU
		{ACEBB2E8-85D6-4E01-A233-29F2EF261CA0}.Debug|Any CPU.Build.0 = Debug|Any CPU
		{ACEBB2E8-85D6-4E01-A233-29F2EF261CA0}.Release|Any CPU.ActiveCfg = Release|Any CPU
		{ACEBB2E8-85D6-4E01-A233-29F2EF261CA0}.Release|Any CPU.Build.0 = Release|Any CPU
		{2C329193-0F37-4E89-9F80-FBBB61E5A94C}.Debug|Any CPU.ActiveCfg = Debug|Any CPU
		{2C329193-0F37-4E89-9F80-FBBB61E5A94C}.Debug|Any CPU.Build.0 = Debug|Any CPU
		{2C329193-0F37-4E89-9F80-FBBB61E5A94C}.Release|Any CPU.ActiveCfg = Release|Any CPU
		{2C329193-0F37-4E89-9F80-FBBB61E5A94C}.Release|Any CPU.Build.0 = Release|Any CPU
		{282296D0-286B-4137-ACAA-58E0D895E94D}.Debug|Any CPU.ActiveCfg = Debug|Any CPU
		{282296D0-286B-4137-ACAA-58E0D895E94D}.Debug|Any CPU.Build.0 = Debug|Any CPU
		{282296D0-286B-4137-ACAA-58E0D895E94D}.Release|Any CPU.ActiveCfg = Release|Any CPU
		{282296D0-286B-4137-ACAA-58E0D895E94D}.Release|Any CPU.Build.0 = Release|Any CPU
	EndGlobalSection
	GlobalSection(SolutionProperties) = preSolution
		HideSolutionNode = FALSE
	EndGlobalSection
	GlobalSection(ExtensibilityGlobals) = postSolution
		SolutionGuid = {39530834-EFEC-4B3C-BB76-5B3B4B192689}
	EndGlobalSection
EndGlobal
