
Microsoft Visual Studio Solution File, Format Version 12.00
# Visual Studio Version 17
VisualStudioVersion = 17.3.32825.248
MinimumVisualStudioVersion = 10.0.40219.1
Project("{FAE04EC0-301F-11D3-BF4B-00C04F79EFBC}") = "Miners.Presentation", "Miners.Presentation\Miners.Presentation.csproj", "{71EC008A-77AE-4300-865A-EAF651D65630}"
EndProject
Project("{FAE04EC0-301F-11D3-BF4B-00C04F79EFBC}") = "Miners.Data", "Miners.Data\Miners.Data.csproj", "{E681688E-CBD7-4E3F-A75D-596EEA5CFB8B}"
EndProject
Project("{FAE04EC0-301F-11D3-BF4B-00C04F79EFBC}") = "Miners.Application", "Miners.Application\Miners.Application.csproj", "{EC9B1998-AB63-4F8F-8BDC-026053687C29}"
EndProject
Global
	GlobalSection(SolutionConfigurationPlatforms) = preSolution
		Debug|Any CPU = Debug|Any CPU
		Release|Any CPU = Release|Any CPU
	EndGlobalSection
	GlobalSection(ProjectConfigurationPlatforms) = postSolution
		{71EC008A-77AE-4300-865A-EAF651D65630}.Debug|Any CPU.ActiveCfg = Debug|Any CPU
		{71EC008A-77AE-4300-865A-EAF651D65630}.Debug|Any CPU.Build.0 = Debug|Any CPU
		{71EC008A-77AE-4300-865A-EAF651D65630}.Release|Any CPU.ActiveCfg = Release|Any CPU
		{71EC008A-77AE-4300-865A-EAF651D65630}.Release|Any CPU.Build.0 = Release|Any CPU
		{E681688E-CBD7-4E3F-A75D-596EEA5CFB8B}.Debug|Any CPU.ActiveCfg = Debug|Any CPU
		{E681688E-CBD7-4E3F-A75D-596EEA5CFB8B}.Debug|Any CPU.Build.0 = Debug|Any CPU
		{E681688E-CBD7-4E3F-A75D-596EEA5CFB8B}.Release|Any CPU.ActiveCfg = Release|Any CPU
		{E681688E-CBD7-4E3F-A75D-596EEA5CFB8B}.Release|Any CPU.Build.0 = Release|Any CPU
		{EC9B1998-AB63-4F8F-8BDC-026053687C29}.Debug|Any CPU.ActiveCfg = Debug|Any CPU
		{EC9B1998-AB63-4F8F-8BDC-026053687C29}.Debug|Any CPU.Build.0 = Debug|Any CPU
		{EC9B1998-AB63-4F8F-8BDC-026053687C29}.Release|Any CPU.ActiveCfg = Release|Any CPU
		{EC9B1998-AB63-4F8F-8BDC-026053687C29}.Release|Any CPU.Build.0 = Release|Any CPU
	EndGlobalSection
	GlobalSection(SolutionProperties) = preSolution
		HideSolutionNode = FALSE
	EndGlobalSection
	GlobalSection(ExtensibilityGlobals) = postSolution
		SolutionGuid = {39530834-EFEC-4B3C-BB76-5B3B4B192689}
	EndGlobalSection
EndGlobal
